
Microsoft Visual Studio Solution File, Format Version 12.00
# Visual Studio Version 17
VisualStudioVersion = 17.10.34928.147
MinimumVisualStudioVersion = 10.0.40219.1
Project("{FAE04EC0-301F-11D3-BF4B-00C04F79EFBC}") = "AltronFormsAPI", "AltronFormsAPI\AltronFormsAPI.csproj", "{C6714115-5031-48E1-854B-4B1B5D4F9E0B}"
EndProject
Global
	GlobalSection(SolutionConfigurationPlatforms) = preSolution
		Debug|Any CPU = Debug|Any CPU
		Release|Any CPU = Release|Any CPU
	EndGlobalSection
	GlobalSection(ProjectConfigurationPlatforms) = postSolution
		{C6714115-5031-48E1-854B-4B1B5D4F9E0B}.Debug|Any CPU.ActiveCfg = Debug|Any CPU
		{C6714115-5031-48E1-854B-4B1B5D4F9E0B}.Debug|Any CPU.Build.0 = Debug|Any CPU
		{C6714115-5031-48E1-854B-4B1B5D4F9E0B}.Release|Any CPU.ActiveCfg = Release|Any CPU
		{C6714115-5031-48E1-854B-4B1B5D4F9E0B}.Release|Any CPU.Build.0 = Release|Any CPU
	EndGlobalSection
	GlobalSection(SolutionProperties) = preSolution
		HideSolutionNode = FALSE
	EndGlobalSection
	GlobalSection(ExtensibilityGlobals) = postSolution
		SolutionGuid = {D09E13EC-ED7B-40AA-B27E-3D24A2E766E9}
	EndGlobalSection
EndGlobal
